# This file is @generated by PDM.
# It is not intended for manual editing.

[[package]]
name = "attrs"
version = "22.2.0"
requires_python = ">=3.6"
summary = "Classes Without Boilerplate"

[[package]]
name = "black"
version = "23.3.0"
requires_python = ">=3.7"
summary = "The uncompromising code formatter."
dependencies = [
    "click>=8.0.0",
    "mypy-extensions>=0.4.3",
    "packaging>=22.0",
    "pathspec>=0.9.0",
    "platformdirs>=2",
    "tomli>=1.1.0; python_version < \"3.11\"",
    "typed-ast>=1.4.2; python_version < \"3.8\" and implementation_name == \"cpython\"",
    "typing-extensions>=3.10.0.0; python_version < \"3.10\"",
]

[[package]]
name = "certifi"
version = "2022.12.7"
requires_python = ">=3.6"
summary = "Python package for providing Mozilla's CA Bundle."

[[package]]
name = "charset-normalizer"
version = "2.0.12"
requires_python = ">=3.5.0"
summary = "The Real First Universal Charset Detector. Open, modern and actively maintained alternative to Chardet."

[[package]]
name = "click"
version = "8.0.3"
requires_python = ">=3.6"
summary = "Composable command line interface toolkit"
dependencies = [
    "colorama; platform_system == \"Windows\"",
    "importlib-metadata; python_version < \"3.8\"",
]

[[package]]
name = "colorama"
version = "0.4.6"
requires_python = "!=3.0.*,!=3.1.*,!=3.2.*,!=3.3.*,!=3.4.*,!=3.5.*,!=3.6.*,>=2.7"
summary = "Cross-platform colored terminal text."

[[package]]
name = "coverage"
version = "7.1.0"
requires_python = ">=3.7"
summary = "Code coverage measurement for Python"

[[package]]
name = "coverage"
version = "7.1.0"
extras = ["toml"]
requires_python = ">=3.7"
summary = "Code coverage measurement for Python"
dependencies = [
    "coverage==7.1.0",
    "tomli; python_full_version <= \"3.11.0a6\"",
]

[[package]]
name = "exceptiongroup"
version = "1.1.0"
requires_python = ">=3.7"
summary = "Backport of PEP 654 (exception groups)"

[[package]]
name = "idna"
version = "3.4"
requires_python = ">=3.5"
summary = "Internationalized Domain Names in Applications (IDNA)"

[[package]]
name = "importlib-metadata"
version = "4.2.0"
requires_python = ">=3.6"
summary = "Read metadata from Python packages"
dependencies = [
    "typing-extensions>=3.6.4; python_version < \"3.8\"",
    "zipp>=0.5",
]

[[package]]
name = "iniconfig"
version = "2.0.0"
requires_python = ">=3.7"
summary = "brain-dead simple config-ini parsing"

[[package]]
name = "mypy-extensions"
version = "1.0.0"
requires_python = ">=3.5"
summary = "Type system extensions for programs checked with the mypy type checker."

[[package]]
name = "packaging"
version = "23.0"
requires_python = ">=3.7"
summary = "Core utilities for Python packages"

[[package]]
name = "pathspec"
version = "0.11.1"
requires_python = ">=3.7"
summary = "Utility library for gitignore style pattern matching of file paths."

[[package]]
name = "platformdirs"
version = "2.6.2"
requires_python = ">=3.7"
summary = "A small Python package for determining appropriate platform-specific dirs, e.g. a \"user data dir\"."
dependencies = [
    "typing-extensions>=4.4; python_version < \"3.8\"",
]

[[package]]
name = "pluggy"
version = "1.0.0"
requires_python = ">=3.6"
summary = "plugin and hook calling mechanisms for python"
dependencies = [
    "importlib-metadata>=0.12; python_version < \"3.8\"",
]

[[package]]
name = "pytest"
version = "7.2.1"
requires_python = ">=3.7"
summary = "pytest: simple powerful testing with Python"
dependencies = [
    "attrs>=19.2.0",
    "colorama; sys_platform == \"win32\"",
    "exceptiongroup>=1.0.0rc8; python_version < \"3.11\"",
    "importlib-metadata>=0.12; python_version < \"3.8\"",
    "iniconfig",
    "packaging",
    "pluggy<2.0,>=0.12",
    "tomli>=1.0.0; python_version < \"3.11\"",
]

[[package]]
name = "pytest-cov"
version = "4.0.0"
requires_python = ">=3.6"
summary = "Pytest plugin for measuring coverage."
dependencies = [
    "coverage[toml]>=5.2.1",
    "pytest>=4.6",
]

[[package]]
name = "pytest-mock"
version = "3.10.0"
requires_python = ">=3.7"
summary = "Thin-wrapper around the mock package for easier use with pytest"
dependencies = [
    "pytest>=5.0",
]

[[package]]
name = "requests"
version = "2.26.0"
requires_python = ">=2.7, !=3.0.*, !=3.1.*, !=3.2.*, !=3.3.*, !=3.4.*, !=3.5.*"
summary = "Python HTTP for Humans."
dependencies = [
    "certifi>=2017.4.17",
    "charset-normalizer~=2.0.0; python_version >= \"3\"",
    "idna<4,>=2.5; python_version >= \"3\"",
    "urllib3<1.27,>=1.21.1",
]

[[package]]
name = "ruff"
version = "0.0.261"
requires_python = ">=3.7"
summary = "An extremely fast Python linter, written in Rust."

[[package]]
name = "termcolor"
version = "1.1.0"
summary = "ANSII Color formatting for output in terminal."

[[package]]
name = "toml"
version = "0.10.2"
requires_python = ">=2.6, !=3.0.*, !=3.1.*, !=3.2.*"
summary = "Python Library for Tom's Obvious, Minimal Language"

[[package]]
name = "tomli"
version = "2.0.1"
requires_python = ">=3.7"
summary = "A lil' TOML parser"

[[package]]
name = "typed-ast"
version = "1.5.4"
requires_python = ">=3.6"
summary = "a fork of Python 2 and 3 ast modules with type comment support"

[[package]]
name = "typing-extensions"
version = "4.4.0"
requires_python = ">=3.7"
summary = "Backported and Experimental Type Hints for Python 3.7+"

[[package]]
name = "urllib3"
version = "1.26.14"
requires_python = ">=2.7, !=3.0.*, !=3.1.*, !=3.2.*, !=3.3.*, !=3.4.*, !=3.5.*"
summary = "HTTP library with thread-safe connection pooling, file post, and more."

[[package]]
name = "yaspin"
version = "2.1.0"
requires_python = ">=3.6.2,<4.0.0"
summary = "Yet Another Terminal Spinner"
dependencies = [
    "termcolor<2.0.0,>=1.1.0",
]

[[package]]
name = "zipp"
version = "3.12.0"
requires_python = ">=3.7"
summary = "Backport of pathlib-compatible object wrapper for zip files"

[metadata]
lock_version = "4.2"
cross_platform = true
groups = ["default", "dev"]
content_hash = "sha256:b7c7c7abb444195c90828da0672f380d13ef43c0789bf602338b750347149677"

[metadata.files]
"attrs 22.2.0" = [
    {url = "https://pypi.tuna.tsinghua.edu.cn/packages/21/31/3f468da74c7de4fcf9b25591e682856389b3400b4b62f201e65f15ea3e07/attrs-22.2.0.tar.gz", hash = "sha256:c9227bfc2f01993c03f68db37d1d15c9690188323c067c641f1a35ca58185f99"},
    {url = "https://pypi.tuna.tsinghua.edu.cn/packages/fb/6e/6f83bf616d2becdf333a1640f1d463fef3150e2e926b7010cb0f81c95e88/attrs-22.2.0-py3-none-any.whl", hash = "sha256:29e95c7f6778868dbd49170f98f8818f78f3dc5e0e37c0b1f474e3561b240836"},
]
"black 23.3.0" = [
    {url = "https://pypi.tuna.tsinghua.edu.cn/packages/06/1e/273d610249f0335afb1ddb03664a03223f4826e3d1a95170a0142cb19fb4/black-23.3.0-cp39-cp39-win_amd64.whl", hash = "sha256:6b39abdfb402002b8a7d030ccc85cf5afff64ee90fa4c5aebc531e3ad0175ddb"},
    {url = "https://pypi.tuna.tsinghua.edu.cn/packages/12/4b/99c71d1cf1353edd5aff2700b8960f92e9b805c9dab72639b67dbb449d3a/black-23.3.0-cp38-cp38-manylinux_2_17_x86_64.manylinux2014_x86_64.whl", hash = "sha256:562bd3a70495facf56814293149e51aa1be9931567474993c7942ff7d3533961"},
    {url = "https://pypi.tuna.tsinghua.edu.cn/packages/13/0a/ed8b66c299e896780e4528eed4018f5b084da3b9ba4ee48328550567d866/black-23.3.0-cp38-cp38-macosx_10_16_x86_64.whl", hash = "sha256:064101748afa12ad2291c2b91c960be28b817c0c7eaa35bec09cc63aa56493c5"},
    {url = "https://pypi.tuna.tsinghua.edu.cn/packages/13/25/cfa06788d0a936f2445af88f13604b5bcd5c9d050db618c718e6ebe66f74/black-23.3.0-cp39-cp39-macosx_10_16_arm64.whl", hash = "sha256:3238f2aacf827d18d26db07524e44741233ae09a584273aa059066d644ca7b30"},
    {url = "https://pypi.tuna.tsinghua.edu.cn/packages/21/14/d5a2bec5fb15f9118baab7123d344646fac0b1c6939d51c2b05259cd2d9c/black-23.3.0-cp38-cp38-macosx_10_16_universal2.whl", hash = "sha256:714290490c18fb0126baa0fca0a54ee795f7502b44177e1ce7624ba1c00f2331"},
    {url = "https://pypi.tuna.tsinghua.edu.cn/packages/24/eb/2d2d2c27cb64cfd073896f62a952a802cd83cf943a692a2f278525b57ca9/black-23.3.0-cp37-cp37m-macosx_10_16_x86_64.whl", hash = "sha256:1d06691f1eb8de91cd1b322f21e3bfc9efe0c7ca1f0e1eb1db44ea367dff656b"},
    {url = "https://pypi.tuna.tsinghua.edu.cn/packages/27/70/07aab2623cfd3789786f17e051487a41d5657258c7b1ef8f780512ffea9c/black-23.3.0-cp310-cp310-macosx_10_16_universal2.whl", hash = "sha256:67de8d0c209eb5b330cce2469503de11bca4085880d62f1628bd9972cc3366b9"},
    {url = "https://pypi.tuna.tsinghua.edu.cn/packages/29/b1/b584fc863c155653963039664a592b3327b002405043b7e761b9b0212337/black-23.3.0-cp310-cp310-macosx_10_16_x86_64.whl", hash = "sha256:7c3eb7cea23904399866c55826b31c1f55bbcd3890ce22ff70466b907b6775c2"},
    {url = "https://pypi.tuna.tsinghua.edu.cn/packages/3c/d7/85f3d79f9e543402de2244c4d117793f262149e404ea0168841613c33e07/black-23.3.0-cp39-cp39-manylinux_2_17_x86_64.manylinux2014_x86_64.whl", hash = "sha256:3a150542a204124ed00683f0db1f5cf1c2aaaa9cc3495b7a3b5976fb136090ab"},
    {url = "https://pypi.tuna.tsinghua.edu.cn/packages/3f/0d/81dd4194ce7057c199d4f28e4c2a885082d9d929e7a55c514b23784f7787/black-23.3.0-cp311-cp311-win_amd64.whl", hash = "sha256:11c410f71b876f961d1de77b9699ad19f939094c3a677323f43d7a29855fe326"},
    {url = "https://pypi.tuna.tsinghua.edu.cn/packages/49/36/15d2122f90ff1cd70f06892ebda777b650218cf84b56b5916a993dc1359a/black-23.3.0-cp37-cp37m-manylinux_2_17_x86_64.manylinux2014_x86_64.whl", hash = "sha256:50cb33cac881766a5cd9913e10ff75b1e8eb71babf4c7104f2e9c52da1fb7de2"},
    {url = "https://pypi.tuna.tsinghua.edu.cn/packages/49/d7/f3b7da6c772800f5375aeb050a3dcf682f0bbeb41d313c9c2820d0156e4e/black-23.3.0-cp39-cp39-macosx_10_16_x86_64.whl", hash = "sha256:92c543f6854c28a3c7f39f4d9b7694f9a6eb9d3c5e2ece488c327b6e7ea9b266"},
    {url = "https://pypi.tuna.tsinghua.edu.cn/packages/69/49/7e1f0cf585b0d607aad3f971f95982cc4208fc77f92363d632d23021ee57/black-23.3.0-cp311-cp311-macosx_10_16_x86_64.whl", hash = "sha256:a6f6886c9869d4daae2d1715ce34a19bbc4b95006d20ed785ca00fa03cba312d"},
    {url = "https://pypi.tuna.tsinghua.edu.cn/packages/6d/b4/0f13ab7f5e364795ff82b76b0f9a4c9c50afda6f1e2feeb8b03fdd7ec57d/black-23.3.0-cp310-cp310-manylinux_2_17_x86_64.manylinux2014_x86_64.whl", hash = "sha256:32daa9783106c28815d05b724238e30718f34155653d4d6e125dc7daec8e260c"},
    {url = "https://pypi.tuna.tsinghua.edu.cn/packages/ad/e7/4642b7f462381799393fbad894ba4b32db00870a797f0616c197b07129a9/black-23.3.0-py3-none-any.whl", hash = "sha256:ec751418022185b0c1bb7d7736e6933d40bbb14c14a0abcf9123d1b159f98dd4"},
    {url = "https://pypi.tuna.tsinghua.edu.cn/packages/c0/53/42e312c17cfda5c8fc4b6b396a508218807a3fcbb963b318e49d3ddd11d5/black-23.3.0-cp311-cp311-manylinux_2_17_x86_64.manylinux2014_x86_64.whl", hash = "sha256:6f3c333ea1dd6771b2d3777482429864f8e258899f6ff05826c3a4fcc5ce3f70"},
    {url = "https://pypi.tuna.tsinghua.edu.cn/packages/ca/44/eb41edd3f558a6139f09eee052dead4a7a464e563b822ddf236f5a8ee286/black-23.3.0-cp37-cp37m-win_amd64.whl", hash = "sha256:e114420bf26b90d4b9daa597351337762b63039752bdf72bf361364c1aa05925"},
    {url = "https://pypi.tuna.tsinghua.edu.cn/packages/ce/f4/2b0c6ac9e1f8584296747f66dd511898b4ebd51d6510dba118279bff53b6/black-23.3.0-cp38-cp38-macosx_10_16_arm64.whl", hash = "sha256:48f9d345675bb7fbc3dd85821b12487e1b9a75242028adad0333ce36ed2a6d27"},
    {url = "https://pypi.tuna.tsinghua.edu.cn/packages/d1/6e/5810b6992ed70403124c67e8b3f62858a32b35405177553f1a78ed6b6e31/black-23.3.0-cp38-cp38-win_amd64.whl", hash = "sha256:e198cf27888ad6f4ff331ca1c48ffc038848ea9f031a3b40ba36aced7e22f2c8"},
    {url = "https://pypi.tuna.tsinghua.edu.cn/packages/d6/36/66370f5017b100225ec4950a60caeef60201a10080da57ddb24124453fba/black-23.3.0.tar.gz", hash = "sha256:1c7b8d606e728a41ea1ccbd7264677e494e87cf630e399262ced92d4a8dac940"},
    {url = "https://pypi.tuna.tsinghua.edu.cn/packages/d7/6f/d3832960a3b646b333b7f0d80d336a3c123012e9d9d5dba4a622b2b6181d/black-23.3.0-cp311-cp311-macosx_10_16_arm64.whl", hash = "sha256:a8a968125d0a6a404842fa1bf0b349a568634f856aa08ffaff40ae0dfa52e7c6"},
    {url = "https://pypi.tuna.tsinghua.edu.cn/packages/db/f4/7908f71cc71da08df1317a3619f002cbf91927fb5d3ffc7723905a2113f7/black-23.3.0-cp310-cp310-macosx_10_16_arm64.whl", hash = "sha256:0945e13506be58bf7db93ee5853243eb368ace1c08a24c65ce108986eac65915"},
    {url = "https://pypi.tuna.tsinghua.edu.cn/packages/de/b4/76f152c5eb0be5471c22cd18380d31d188930377a1a57969073b89d6615d/black-23.3.0-cp310-cp310-win_amd64.whl", hash = "sha256:35d1381d7a22cc5b2be2f72c7dfdae4072a3336060635718cc7e1ede24221d6c"},
    {url = "https://pypi.tuna.tsinghua.edu.cn/packages/eb/a5/17b40bfd9b607b69fa726b0b3a473d14b093dcd5191ea1a1dd664eccfee3/black-23.3.0-cp311-cp311-macosx_10_16_universal2.whl", hash = "sha256:c7ab5790333c448903c4b721b59c0d80b11fe5e9803d8703e84dcb8da56fec1b"},
    {url = "https://pypi.tuna.tsinghua.edu.cn/packages/fd/5b/fc2d7922c1a6bb49458d424b5be71d251f2d0dc97be9534e35d171bdc653/black-23.3.0-cp39-cp39-macosx_10_16_universal2.whl", hash = "sha256:f0bd2f4a58d6666500542b26354978218a9babcdc972722f4bf90779524515f3"},
]
"certifi 2022.12.7" = [
    {url = "https://pypi.tuna.tsinghua.edu.cn/packages/37/f7/2b1b0ec44fdc30a3d31dfebe52226be9ddc40cd6c0f34ffc8923ba423b69/certifi-2022.12.7.tar.gz", hash = "sha256:35824b4c3a97115964b408844d64aa14db1cc518f6562e8d7261699d1350a9e3"},
    {url = "https://pypi.tuna.tsinghua.edu.cn/packages/71/4c/3db2b8021bd6f2f0ceb0e088d6b2d49147671f25832fb17970e9b583d742/certifi-2022.12.7-py3-none-any.whl", hash = "sha256:4ad3232f5e926d6718ec31cfc1fcadfde020920e278684144551c91769c7bc18"},
]
"charset-normalizer 2.0.12" = [
    {url = "https://pypi.tuna.tsinghua.edu.cn/packages/06/b3/24afc8868eba069a7f03650ac750a778862dc34941a4bebeb58706715726/charset_normalizer-2.0.12-py3-none-any.whl", hash = "sha256:6881edbebdb17b39b4eaaa821b438bf6eddffb4468cf344f09f89def34a8b1df"},
    {url = "https://pypi.tuna.tsinghua.edu.cn/packages/56/31/7bcaf657fafb3c6db8c787a865434290b726653c912085fbd371e9b92e1c/charset-normalizer-2.0.12.tar.gz", hash = "sha256:2857e29ff0d34db842cd7ca3230549d1a697f96ee6d3fb071cfa6c7393832597"},
]
"click 8.0.3" = [
    {url = "https://pypi.tuna.tsinghua.edu.cn/packages/48/58/c8aa6a8e62cc75f39fee1092c45d6b6ba684122697d7ce7d53f64f98a129/click-8.0.3-py3-none-any.whl", hash = "sha256:353f466495adaeb40b6b5f592f9f91cb22372351c84caeb068132442a4518ef3"},
    {url = "https://pypi.tuna.tsinghua.edu.cn/packages/f4/09/ad003f1e3428017d1c3da4ccc9547591703ffea548626f47ec74509c5824/click-8.0.3.tar.gz", hash = "sha256:410e932b050f5eed773c4cda94de75971c89cdb3155a72a0831139a79e5ecb5b"},
]
"colorama 0.4.6" = [
    {url = "https://pypi.tuna.tsinghua.edu.cn/packages/d1/d6/3965ed04c63042e047cb6a3e6ed1a63a35087b6a609aa3a15ed8ac56c221/colorama-0.4.6-py2.py3-none-any.whl", hash = "sha256:4f1d9991f5acc0ca119f9d443620b77f9d6b33703e51011c16baf57afb285fc6"},
    {url = "https://pypi.tuna.tsinghua.edu.cn/packages/d8/53/6f443c9a4a8358a93a6792e2acffb9d9d5cb0a5cfd8802644b7b1c9a02e4/colorama-0.4.6.tar.gz", hash = "sha256:08695f5cb7ed6e0531a20572697297273c47b8cae5a63ffc6d6ed5c201be6e44"},
]
"coverage 7.1.0" = [
    {url = "https://pypi.tuna.tsinghua.edu.cn/packages/0e/4a/2c9a63f52f819aaad02e99d1bc818e6bb21856a285b7a3d559eff2a3840e/coverage-7.1.0-cp37-cp37m-musllinux_1_1_i686.whl", hash = "sha256:7ee5c9bb51695f80878faaa5598040dd6c9e172ddcf490382e8aedb8ec3fec8d"},
    {url = "https://pypi.tuna.tsinghua.edu.cn/packages/11/88/53d271bf64f64da832c696b552ab2bb4aa59128fa6422de60f50b5a74bba/coverage-7.1.0-cp37-cp37m-manylinux_2_5_x86_64.manylinux1_x86_64.manylinux_2_17_x86_64.manylinux2014_x86_64.whl", hash = "sha256:ddb726cb861c3117a553f940372a495fe1078249ff5f8a5478c0576c7be12050"},
    {url = "https://pypi.tuna.tsinghua.edu.cn/packages/13/4a/d452bd3a9e749151afd107c34b66f69ae1f8bbd48bfc2ed2a6b89748c4d8/coverage-7.1.0-cp311-cp311-macosx_11_0_arm64.whl", hash = "sha256:c5b15ed7644ae4bee0ecf74fee95808dcc34ba6ace87e8dfbf5cb0dc20eab45a"},
    {url = "https://pypi.tuna.tsinghua.edu.cn/packages/16/f6/7ad07d231c09a5dad2813457c9f102780e1049f8019fbe78c4a9a024d7f0/coverage-7.1.0-cp311-cp311-win_amd64.whl", hash = "sha256:6a43c7823cd7427b4ed763aa7fb63901ca8288591323b58c9cd6ec31ad910f3c"},
    {url = "https://pypi.tuna.tsinghua.edu.cn/packages/18/a0/bfa6c6ab7a5f0aeb69dd169d956ead54133f5bca68a5945c4569ea2c40b3/coverage-7.1.0.tar.gz", hash = "sha256:10188fe543560ec4874f974b5305cd1a8bdcfa885ee00ea3a03733464c4ca265"},
    {url = "https://pypi.tuna.tsinghua.edu.cn/packages/18/dc/93a22c132c893d461c6e904a0bfe4e1ddcdbcb558f0e2c9756369556051d/coverage-7.1.0-cp38-cp38-musllinux_1_1_i686.whl", hash = "sha256:9817733f0d3ea91bea80de0f79ef971ae94f81ca52f9b66500c6a2fea8e4b4f8"},
    {url = "https://pypi.tuna.tsinghua.edu.cn/packages/1c/2b/5d1387301c36f3bcb040aa5d51372475d85642711fb2237b5545eb564fa5/coverage-7.1.0-cp311-cp311-musllinux_1_1_aarch64.whl", hash = "sha256:9d58885215094ab4a86a6aef044e42994a2bd76a446dc59b352622655ba6621b"},
    {url = "https://pypi.tuna.tsinghua.edu.cn/packages/1d/5f/f5b1e50e7806758d3a189e565eea2b54199658f27fff2da36d915f042e16/coverage-7.1.0-cp311-cp311-musllinux_1_1_i686.whl", hash = "sha256:ffeeb38ee4a80a30a6877c5c4c359e5498eec095878f1581453202bfacc8fbc2"},
    {url = "https://pypi.tuna.tsinghua.edu.cn/packages/1e/b5/dc65a49335dd78e1def7e0ec84bd144ba442b74e29a7dd236c551bd8b6bf/coverage-7.1.0-cp39-cp39-macosx_10_9_x86_64.whl", hash = "sha256:2bf1d5f2084c3932b56b962a683074a3692bce7cabd3aa023c987a2a8e7612f6"},
    {url = "https://pypi.tuna.tsinghua.edu.cn/packages/26/c7/9272d6094a8aea80d244b105429ad5953795344415f10538c089184daf27/coverage-7.1.0-cp38-cp38-win_amd64.whl", hash = "sha256:8ae125d1134bf236acba8b83e74c603d1b30e207266121e76484562bc816344c"},
    {url = "https://pypi.tuna.tsinghua.edu.cn/packages/2c/40/2b3f87a28d592f5eed431490cc019ac74859d537e0d33ab7ccd976a4c860/coverage-7.1.0-cp310-cp310-manylinux_2_5_i686.manylinux1_i686.manylinux_2_17_i686.manylinux2014_i686.whl", hash = "sha256:b643cb30821e7570c0aaf54feaf0bfb630b79059f85741843e9dc23f33aaca2c"},
    {url = "https://pypi.tuna.tsinghua.edu.cn/packages/37/84/6d932952986f5e44a38229ab6ef34ecb438bf29d0c3eb23da1f7582fd44d/coverage-7.1.0-cp311-cp311-manylinux_2_5_x86_64.manylinux1_x86_64.manylinux_2_17_x86_64.manylinux2014_x86_64.whl", hash = "sha256:c4e4881fa9e9667afcc742f0c244d9364d197490fbc91d12ac3b5de0bf2df146"},
    {url = "https://pypi.tuna.tsinghua.edu.cn/packages/3e/f1/385b7fc2c7902d70f807b985010f955ffa5da4f74d5f32cd5317dd749f74/coverage-7.1.0-cp37-cp37m-macosx_10_9_x86_64.whl", hash = "sha256:7a726d742816cb3a8973c8c9a97539c734b3a309345236cd533c4883dda05b8d"},
    {url = "https://pypi.tuna.tsinghua.edu.cn/packages/40/7a/849efa68d38db7ed6e4794de122dc9558d420b84715d2604f9bec5dbbda5/coverage-7.1.0-cp37-cp37m-manylinux_2_17_aarch64.manylinux2014_aarch64.whl", hash = "sha256:bc7c85a150501286f8b56bd8ed3aa4093f4b88fb68c0843d21ff9656f0009d6a"},
    {url = "https://pypi.tuna.tsinghua.edu.cn/packages/45/a0/d3986ff9a585e8053893c05606be3a812ff7407869d1006c8abbba5e6179/coverage-7.1.0-cp39-cp39-manylinux_2_5_i686.manylinux1_i686.manylinux_2_17_i686.manylinux2014_i686.whl", hash = "sha256:3164d31078fa9efe406e198aecd2a02d32a62fecbdef74f76dad6a46c7e48311"},
    {url = "https://pypi.tuna.tsinghua.edu.cn/packages/45/cf/45b4083971818aaf96dfb8a49d3a793fc012a154e20ab0a85d162029860c/coverage-7.1.0-cp37-cp37m-manylinux_2_5_i686.manylinux1_i686.manylinux_2_17_i686.manylinux2014_i686.whl", hash = "sha256:f5b4198d85a3755d27e64c52f8c95d6333119e49fd001ae5798dac872c95e0f8"},
    {url = "https://pypi.tuna.tsinghua.edu.cn/packages/47/39/c7bf56840efb9c89ff578da1092023d071bb0e12f63b017741402c3bac47/coverage-7.1.0-cp310-cp310-win_amd64.whl", hash = "sha256:8361be1c2c073919500b6601220a6f2f98ea0b6d2fec5014c1d9cfa23dd07038"},
    {url = "https://pypi.tuna.tsinghua.edu.cn/packages/47/c8/de630d1b872cc65f1878536e00fc0a1b610508f018ad90f957b171de06a6/coverage-7.1.0-cp311-cp311-manylinux_2_5_i686.manylinux1_i686.manylinux_2_17_i686.manylinux2014_i686.whl", hash = "sha256:e2617759031dae1bf183c16cef8fcfb3de7617f394c813fa5e8e46e9b82d4222"},
    {url = "https://pypi.tuna.tsinghua.edu.cn/packages/4e/a0/a8002c51ce13ad68db9d30c71282b3166186ab022d978c3f707b18dce6bd/coverage-7.1.0-cp38-cp38-manylinux_2_5_x86_64.manylinux1_x86_64.manylinux_2_17_x86_64.manylinux2014_x86_64.whl", hash = "sha256:7c7c0d0827e853315c9bbd43c1162c006dd808dbbe297db7ae66cd17b07830f0"},
    {url = "https://pypi.tuna.tsinghua.edu.cn/packages/52/f9/155bfe715ae87f52b3cc15aca476dc8db91c8daca7419d6e5eee931cc21f/coverage-7.1.0-pp37.pp38.pp39-none-any.whl", hash = "sha256:755e89e32376c850f826c425ece2c35a4fc266c081490eb0a841e7c1cb0d3bda"},
    {url = "https://pypi.tuna.tsinghua.edu.cn/packages/60/ff/32baaa70fda28652105fca9f534830a31dec6dd713bd65f88149bb2a4aac/coverage-7.1.0-cp38-cp38-macosx_10_9_x86_64.whl", hash = "sha256:f2cba5c6db29ce991029b5e4ac51eb36774458f0a3b8d3137241b32d1bb91f06"},
    {url = "https://pypi.tuna.tsinghua.edu.cn/packages/6c/97/5c6ceef429c0b38d1f5db700697f7f40c379ba498a3778f7365a64d8b03d/coverage-7.1.0-cp310-cp310-musllinux_1_1_aarch64.whl", hash = "sha256:33d1ae9d4079e05ac4cc1ef9e20c648f5afabf1a92adfaf2ccf509c50b85717f"},
    {url = "https://pypi.tuna.tsinghua.edu.cn/packages/6d/79/ba99924e6926760b8a5855dd473c2205de0a9115883262f6ef7f23a36f96/coverage-7.1.0-cp38-cp38-win32.whl", hash = "sha256:04481245ef966fbd24ae9b9e537ce899ae584d521dfbe78f89cad003c38ca2ab"},
    {url = "https://pypi.tuna.tsinghua.edu.cn/packages/70/bf/001c2d03855f137ab5d6c67992ea724e231f75756e3360d247bd84cfe231/coverage-7.1.0-cp311-cp311-win32.whl", hash = "sha256:ded59300d6330be27bc6cf0b74b89ada58069ced87c48eaf9344e5e84b0072f7"},
    {url = "https://pypi.tuna.tsinghua.edu.cn/packages/75/2d/912410554689b492c2c04663a5cd65ed372cfb80eaedfcb9c5b693c197cb/coverage-7.1.0-cp37-cp37m-musllinux_1_1_aarch64.whl", hash = "sha256:51b236e764840a6df0661b67e50697aaa0e7d4124ca95e5058fa3d7cbc240b7c"},
    {url = "https://pypi.tuna.tsinghua.edu.cn/packages/76/cb/36a1cf1c75caa970533dd6e3edd92a98f1997686c3c4acbceaa92ff6a06e/coverage-7.1.0-cp311-cp311-macosx_10_9_x86_64.whl", hash = "sha256:da9b41d4539eefd408c46725fb76ecba3a50a3367cafb7dea5f250d0653c1040"},
    {url = "https://pypi.tuna.tsinghua.edu.cn/packages/76/f1/1754166ef29b4fc4db8f0cc03007bfafea9c6fd7e4453ad04118a6264903/coverage-7.1.0-cp39-cp39-musllinux_1_1_x86_64.whl", hash = "sha256:d47dd659a4ee952e90dc56c97d78132573dc5c7b09d61b416a9deef4ebe01a0c"},
    {url = "https://pypi.tuna.tsinghua.edu.cn/packages/78/ce/04337e09985687238b4b57403786a4a87814fe6035013f65359134c77c6c/coverage-7.1.0-cp37-cp37m-win32.whl", hash = "sha256:3b155caf3760408d1cb903b21e6a97ad4e2bdad43cbc265e3ce0afb8e0057e73"},
    {url = "https://pypi.tuna.tsinghua.edu.cn/packages/8f/42/9e3920032dbe70ec83bf60672d28ff764fb7ad49bac060411a68a54b8758/coverage-7.1.0-cp311-cp311-manylinux_2_17_aarch64.manylinux2014_aarch64.whl", hash = "sha256:d12d076582507ea460ea2a89a8c85cb558f83406c8a41dd641d7be9a32e1274f"},
    {url = "https://pypi.tuna.tsinghua.edu.cn/packages/92/5d/9a24dc820aa16eccda21ccdef823510bca3997901230f610ef5153eb915e/coverage-7.1.0-cp38-cp38-manylinux_2_17_aarch64.manylinux2014_aarch64.whl", hash = "sha256:0c45948f613d5d18c9ec5eaa203ce06a653334cf1bd47c783a12d0dd4fd9c851"},
    {url = "https://pypi.tuna.tsinghua.edu.cn/packages/95/36/0779051758526614eddd6ddfdb53764c6f2c3d58e89c80a04bef021c88d7/coverage-7.1.0-cp38-cp38-musllinux_1_1_aarch64.whl", hash = "sha256:e5cdbb5cafcedea04924568d990e20ce7f1945a1dd54b560f879ee2d57226912"},
    {url = "https://pypi.tuna.tsinghua.edu.cn/packages/97/76/1a39d67eed8dd260f1fc94423309eb3eb809150554062c8938403c891deb/coverage-7.1.0-cp310-cp310-win32.whl", hash = "sha256:4b14d5e09c656de5038a3f9bfe5228f53439282abcab87317c9f7f1acb280352"},
    {url = "https://pypi.tuna.tsinghua.edu.cn/packages/9a/90/ebe8683c01e647d15b128ce0b20aca7215317cbf2e36df7722a759e88b74/coverage-7.1.0-cp38-cp38-musllinux_1_1_x86_64.whl", hash = "sha256:218fe982371ac7387304153ecd51205f14e9d731b34fb0568181abaf7b443ba0"},
    {url = "https://pypi.tuna.tsinghua.edu.cn/packages/9d/1f/0332d1a22abe7462e6bf12906c95dc1b89ad288611a891f9189fb2e62678/coverage-7.1.0-cp311-cp311-musllinux_1_1_x86_64.whl", hash = "sha256:3baf5f126f30781b5e93dbefcc8271cb2491647f8283f20ac54d12161dff080e"},
    {url = "https://pypi.tuna.tsinghua.edu.cn/packages/ad/bb/a5c7cd34be5d589f6bdc6b81b052e3ac5a56a8cba5d75d9c17a6ab36f564/coverage-7.1.0-cp38-cp38-manylinux_2_5_i686.manylinux1_i686.manylinux_2_17_i686.manylinux2014_i686.whl", hash = "sha256:ef382417db92ba23dfb5864a3fc9be27ea4894e86620d342a116b243ade5d35d"},
    {url = "https://pypi.tuna.tsinghua.edu.cn/packages/b0/60/39dbed89206fe0572561169e33ed3f0e76041adfec1a5b577371fef20d97/coverage-7.1.0-cp310-cp310-macosx_10_9_x86_64.whl", hash = "sha256:3b946bbcd5a8231383450b195cfb58cb01cbe7f8949f5758566b881df4b33baf"},
    {url = "https://pypi.tuna.tsinghua.edu.cn/packages/b6/28/dc2b4d89a5a043ae6010bd02c6b93574d6031218f466a5e02686c4ee2187/coverage-7.1.0-cp39-cp39-musllinux_1_1_i686.whl", hash = "sha256:33ff26d0f6cc3ca8de13d14fde1ff8efe1456b53e3f0273e63cc8b3c84a063d8"},
    {url = "https://pypi.tuna.tsinghua.edu.cn/packages/b6/d7/215ea44cbed1a15663d0a88620bedd13d6d1d9287c55c0af1a0f07170e2b/coverage-7.1.0-cp310-cp310-musllinux_1_1_i686.whl", hash = "sha256:29571503c37f2ef2138a306d23e7270687c0efb9cab4bd8038d609b5c2393a3a"},
    {url = "https://pypi.tuna.tsinghua.edu.cn/packages/be/bf/217ad144ffb569b73d83e18eb794fedd9926cf636a9df2629de191e7c3ae/coverage-7.1.0-cp39-cp39-macosx_11_0_arm64.whl", hash = "sha256:98b85dd86514d889a2e3dd22ab3c18c9d0019e696478391d86708b805f4ea0fa"},
    {url = "https://pypi.tuna.tsinghua.edu.cn/packages/c2/d0/60a9ac8ff523b0e3a4ff759fdebad023a5accc49d4e95c304ccaa282939c/coverage-7.1.0-cp310-cp310-macosx_11_0_arm64.whl", hash = "sha256:ec8e767f13be637d056f7e07e61d089e555f719b387a7070154ad80a0ff31801"},
    {url = "https://pypi.tuna.tsinghua.edu.cn/packages/c3/f4/447fae940c944263e9d58c9351021b2eff6b7b4452488b7eff9c27913c4a/coverage-7.1.0-cp39-cp39-win32.whl", hash = "sha256:d248cd4a92065a4d4543b8331660121b31c4148dd00a691bfb7a5cdc7483cfa4"},
    {url = "https://pypi.tuna.tsinghua.edu.cn/packages/cb/8f/2f5c5f2dd93d90d03e246aa84ba5e756929cd2fa15890af97ba0c4f84ddf/coverage-7.1.0-cp39-cp39-manylinux_2_17_aarch64.manylinux2014_aarch64.whl", hash = "sha256:38da2db80cc505a611938d8624801158e409928b136c8916cd2e203970dde4dc"},
    {url = "https://pypi.tuna.tsinghua.edu.cn/packages/cc/c8/3700779abfa359ef9af9ab2c76cfd86f2b3e8446c32c4e136823684698d0/coverage-7.1.0-cp39-cp39-win_amd64.whl", hash = "sha256:7ed681b0f8e8bcbbffa58ba26fcf5dbc8f79e7997595bf071ed5430d8c08d6f3"},
    {url = "https://pypi.tuna.tsinghua.edu.cn/packages/cc/eb/3c2096bfcca48d5966a38c3fe8e144599cb8cb0fb46accae29072a6121f0/coverage-7.1.0-cp39-cp39-musllinux_1_1_aarch64.whl", hash = "sha256:9ccb092c9ede70b2517a57382a601619d20981f56f440eae7e4d7eaafd1d1d09"},
    {url = "https://pypi.tuna.tsinghua.edu.cn/packages/d1/40/d7c2594c6960e144202b95cf1e756a60a6847f15624cd9004d53f4fb8f46/coverage-7.1.0-cp37-cp37m-musllinux_1_1_x86_64.whl", hash = "sha256:c31b75ae466c053a98bf26843563b3b3517b8f37da4d47b1c582fdc703112bc3"},
    {url = "https://pypi.tuna.tsinghua.edu.cn/packages/d6/b2/f29709f5cf448cca85f5a1ca586ecec3c48d68e9fac23b6dd185efaa5cfc/coverage-7.1.0-cp37-cp37m-win_amd64.whl", hash = "sha256:2a60d6513781e87047c3e630b33b4d1e89f39836dac6e069ffee28c4786715f5"},
    {url = "https://pypi.tuna.tsinghua.edu.cn/packages/d7/77/7e63d1b143df33195b3c468953aa87613324483adebb240d28486b4f3ac5/coverage-7.1.0-cp39-cp39-manylinux_2_5_x86_64.manylinux1_x86_64.manylinux_2_17_x86_64.manylinux2014_x86_64.whl", hash = "sha256:db61a79c07331e88b9a9974815c075fbd812bc9dbc4dc44b366b5368a2936063"},
    {url = "https://pypi.tuna.tsinghua.edu.cn/packages/ea/a5/2fc1027e4530b9bda6dd541e8b63ea16623e58e306d2df3f2aa672eb7f90/coverage-7.1.0-cp310-cp310-manylinux_2_17_aarch64.manylinux2014_aarch64.whl", hash = "sha256:d4a5a5879a939cb84959d86869132b00176197ca561c664fc21478c1eee60d75"},
    {url = "https://pypi.tuna.tsinghua.edu.cn/packages/ec/36/d7e3235268624b7b8b8da9ce31f586e562bfaeaaf736b44f742dc0e82c92/coverage-7.1.0-cp38-cp38-macosx_11_0_arm64.whl", hash = "sha256:beeb129cacea34490ffd4d6153af70509aa3cda20fdda2ea1a2be870dfec8d52"},
    {url = "https://pypi.tuna.tsinghua.edu.cn/packages/ef/92/edd214c7099c76a003238a342daf78621a04a9a8f37ce5dc61f3e4e91410/coverage-7.1.0-cp310-cp310-musllinux_1_1_x86_64.whl", hash = "sha256:63ffd21aa133ff48c4dff7adcc46b7ec8b565491bfc371212122dd999812ea1c"},
    {url = "https://pypi.tuna.tsinghua.edu.cn/packages/f8/f6/c978a4f888393779725b64a1b1de5137a30b00d8a017be3074c225827d1b/coverage-7.1.0-cp310-cp310-manylinux_2_5_x86_64.manylinux1_x86_64.manylinux_2_17_x86_64.manylinux2014_x86_64.whl", hash = "sha256:32df215215f3af2c1617a55dbdfb403b772d463d54d219985ac7cd3bf124cada"},
]
"exceptiongroup 1.1.0" = [
    {url = "https://pypi.tuna.tsinghua.edu.cn/packages/15/ab/dd27fb742b19a9d020338deb9ab9a28796524081bca880ac33c172c9a8f6/exceptiongroup-1.1.0.tar.gz", hash = "sha256:bcb67d800a4497e1b404c2dd44fca47d3b7a5e5433dbab67f96c1a685cdfdf23"},
    {url = "https://pypi.tuna.tsinghua.edu.cn/packages/e8/14/9c6a7e5f12294ccd6975a45e02899ed25468cd7c2c86f3d9725f387f9f5f/exceptiongroup-1.1.0-py3-none-any.whl", hash = "sha256:327cbda3da756e2de031a3107b81ab7b3770a602c4d16ca618298c526f4bec1e"},
]
"idna 3.4" = [
    {url = "https://pypi.tuna.tsinghua.edu.cn/packages/8b/e1/43beb3d38dba6cb420cefa297822eac205a277ab43e5ba5d5c46faf96438/idna-3.4.tar.gz", hash = "sha256:814f528e8dead7d329833b91c5faa87d60bf71824cd12a7530b5526063d02cb4"},
    {url = "https://pypi.tuna.tsinghua.edu.cn/packages/fc/34/3030de6f1370931b9dbb4dad48f6ab1015ab1d32447850b9fc94e60097be/idna-3.4-py3-none-any.whl", hash = "sha256:90b77e79eaa3eba6de819a0c442c0b4ceefc341a7a2ab77d7562bf49f425c5c2"},
]
"importlib-metadata 4.2.0" = [
    {url = "https://pypi.tuna.tsinghua.edu.cn/packages/22/51/52442c59db26637681148c21f8984eed58c9db67053a0a4783a047010c98/importlib_metadata-4.2.0-py3-none-any.whl", hash = "sha256:057e92c15bc8d9e8109738a48db0ccb31b4d9d5cfbee5a8670879a30be66304b"},
    {url = "https://pypi.tuna.tsinghua.edu.cn/packages/c7/7c/126a8686399ebe256b5e4343ea80b6f2ee91549969da2eef0bb2891b8d24/importlib_metadata-4.2.0.tar.gz", hash = "sha256:b7e52a1f8dec14a75ea73e0891f3060099ca1d8e6a462a4dff11c3e119ea1b31"},
]
"iniconfig 2.0.0" = [
    {url = "https://pypi.tuna.tsinghua.edu.cn/packages/d7/4b/cbd8e699e64a6f16ca3a8220661b5f83792b3017d0f79807cb8708d33913/iniconfig-2.0.0.tar.gz", hash = "sha256:2d91e135bf72d31a410b17c16da610a82cb55f6b0477d1a902134b24a455b8b3"},
    {url = "https://pypi.tuna.tsinghua.edu.cn/packages/ef/a6/62565a6e1cf69e10f5727360368e451d4b7f58beeac6173dc9db836a5b46/iniconfig-2.0.0-py3-none-any.whl", hash = "sha256:b6a85871a79d2e3b22d2d1b94ac2824226a63c6b741c88f7ae975f18b6778374"},
]
"mypy-extensions 1.0.0" = [
    {url = "https://pypi.tuna.tsinghua.edu.cn/packages/2a/e2/5d3f6ada4297caebe1a2add3b126fe800c96f56dbe5d1988a2cbe0b267aa/mypy_extensions-1.0.0-py3-none-any.whl", hash = "sha256:4392f6c0eb8a5668a69e23d168ffa70f0be9ccfd32b5cc2d26a34ae5b844552d"},
    {url = "https://pypi.tuna.tsinghua.edu.cn/packages/98/a4/1ab47638b92648243faf97a5aeb6ea83059cc3624972ab6b8d2316078d3f/mypy_extensions-1.0.0.tar.gz", hash = "sha256:75dbf8955dc00442a438fc4d0666508a9a97b6bd41aa2f0ffe9d2f2725af0782"},
]
"packaging 23.0" = [
    {url = "https://pypi.tuna.tsinghua.edu.cn/packages/47/d5/aca8ff6f49aa5565df1c826e7bf5e85a6df852ee063600c1efa5b932968c/packaging-23.0.tar.gz", hash = "sha256:b6ad297f8907de0fa2fe1ccbd26fdaf387f5f47c7275fedf8cce89f99446cf97"},
    {url = "https://pypi.tuna.tsinghua.edu.cn/packages/ed/35/a31aed2993e398f6b09a790a181a7927eb14610ee8bbf02dc14d31677f1c/packaging-23.0-py3-none-any.whl", hash = "sha256:714ac14496c3e68c99c29b00845f7a2b85f3bb6f1078fd9f72fd20f0570002b2"},
]
"pathspec 0.11.1" = [
    {url = "https://pypi.tuna.tsinghua.edu.cn/packages/95/60/d93628975242cc515ab2b8f5b2fc831d8be2eff32f5a1be4776d49305d13/pathspec-0.11.1.tar.gz", hash = "sha256:2798de800fa92780e33acca925945e9a19a133b715067cf165b8866c15a31687"},
    {url = "https://pypi.tuna.tsinghua.edu.cn/packages/be/c8/551a803a6ebb174ec1c124e68b449b98a0961f0b737def601e3c1fbb4cfd/pathspec-0.11.1-py3-none-any.whl", hash = "sha256:d8af70af76652554bd134c22b3e8a1cc46ed7d91edcdd721ef1a0c51a84a5293"},
]
"platformdirs 2.6.2" = [
    {url = "https://pypi.tuna.tsinghua.edu.cn/packages/c1/c7/9be9d651b93efce682b45142a6267034fc4215972780748618c02e236361/platformdirs-2.6.2-py3-none-any.whl", hash = "sha256:83c8f6d04389165de7c9b6f0c682439697887bca0aa2f1c87ef1826be3584490"},
    {url = "https://pypi.tuna.tsinghua.edu.cn/packages/cf/4d/198b7e6c6c2b152f4f9f4cdf975d3590e33e63f1920f2d89af7f0390e6db/platformdirs-2.6.2.tar.gz", hash = "sha256:e1fea1fe471b9ff8332e229df3cb7de4f53eeea4998d3b6bfff542115e998bd2"},
]
"pluggy 1.0.0" = [
    {url = "https://pypi.tuna.tsinghua.edu.cn/packages/9e/01/f38e2ff29715251cf25532b9082a1589ab7e4f571ced434f98d0139336dc/pluggy-1.0.0-py2.py3-none-any.whl", hash = "sha256:74134bbf457f031a36d68416e1509f34bd5ccc019f0bcc952c7b909d06b37bd3"},
    {url = "https://pypi.tuna.tsinghua.edu.cn/packages/a1/16/db2d7de3474b6e37cbb9c008965ee63835bba517e22cdb8c35b5116b5ce1/pluggy-1.0.0.tar.gz", hash = "sha256:4224373bacce55f955a878bf9cfa763c1e360858e330072059e10bad68531159"},
]
"pytest 7.2.1" = [
    {url = "https://pypi.tuna.tsinghua.edu.cn/packages/cc/02/8f59bf194c9a1ceac6330850715e9ec11e21e2408a30a596c65d54cf4d2a/pytest-7.2.1-py3-none-any.whl", hash = "sha256:c7c6ca206e93355074ae32f7403e8ea12163b1163c976fee7d4d84027c162be5"},
    {url = "https://pypi.tuna.tsinghua.edu.cn/packages/e5/6c/f3a15217ac72912c28c5d7a7a8e87ff6d6475c9530595ae9f0f8dedd8dd8/pytest-7.2.1.tar.gz", hash = "sha256:d45e0952f3727241918b8fd0f376f5ff6b301cc0777c6f9a556935c92d8a7d42"},
]
"pytest-cov 4.0.0" = [
    {url = "https://pypi.tuna.tsinghua.edu.cn/packages/ea/70/da97fd5f6270c7d2ce07559a19e5bf36a76f0af21500256f005a69d9beba/pytest-cov-4.0.0.tar.gz", hash = "sha256:996b79efde6433cdbd0088872dbc5fb3ed7fe1578b68cdbba634f14bb8dd0470"},
    {url = "https://pypi.tuna.tsinghua.edu.cn/packages/fe/1f/9ec0ddd33bd2b37d6ec50bb39155bca4fe7085fa78b3b434c05459a860e3/pytest_cov-4.0.0-py3-none-any.whl", hash = "sha256:2feb1b751d66a8bd934e5edfa2e961d11309dc37b73b0eabe73b5945fee20f6b"},
]
"pytest-mock 3.10.0" = [
    {url = "https://pypi.tuna.tsinghua.edu.cn/packages/91/84/c951790e199cd54ddbf1021965b62a5415b81193ebdb4f4af2659fd06a73/pytest_mock-3.10.0-py3-none-any.whl", hash = "sha256:f4c973eeae0282963eb293eb173ce91b091a79c1334455acfac9ddee8a1c784b"},
    {url = "https://pypi.tuna.tsinghua.edu.cn/packages/f6/2b/137a7db414aeaf3d753d415a2bc3b90aba8c5f61dff7a7a736d84b2ec60d/pytest-mock-3.10.0.tar.gz", hash = "sha256:fbbdb085ef7c252a326fd8cdcac0aa3b1333d8811f131bdcc701002e1be7ed4f"},
]
"requests 2.26.0" = [
    {url = "https://pypi.tuna.tsinghua.edu.cn/packages/92/96/144f70b972a9c0eabbd4391ef93ccd49d0f2747f4f6a2a2738e99e5adc65/requests-2.26.0-py2.py3-none-any.whl", hash = "sha256:6c1246513ecd5ecd4528a0906f910e8f0f9c6b8ec72030dc9fd154dc1a6efd24"},
    {url = "https://pypi.tuna.tsinghua.edu.cn/packages/e7/01/3569e0b535fb2e4a6c384bdbed00c55b9d78b5084e0fb7f4d0bf523d7670/requests-2.26.0.tar.gz", hash = "sha256:b8aa58f8cf793ffd8782d3d8cb19e66ef36f7aba4353eec859e74678b01b07a7"},
]
"ruff 0.0.261" = [
    {url = "https://pypi.tuna.tsinghua.edu.cn/packages/0d/92/a8ca1c04dc47e7ac2667e445654590d689105fc106026df55cbcfcac0693/ruff-0.0.261-py3-none-manylinux_2_17_i686.manylinux2014_i686.whl", hash = "sha256:cc970f6ece0b4950e419f0252895ee42e9e8e5689c6494d18f5dc2c6ebb7f798"},
    {url = "https://pypi.tuna.tsinghua.edu.cn/packages/14/40/96c3a8831a5fbac714ead0064ad6681526385908f2dd06f83391d6c7e08a/ruff-0.0.261-py3-none-musllinux_1_2_aarch64.whl", hash = "sha256:4bcec45abdf65c1328a269cf6cc193f7ff85b777fa2865c64cf2c96b80148a2c"},
    {url = "https://pypi.tuna.tsinghua.edu.cn/packages/1b/a4/e89fbf5777404eb4b4532f5b06a709129eecdf6dcef0980688bec5f6b949/ruff-0.0.261-py3-none-win_amd64.whl", hash = "sha256:0fbc689c23609edda36169c8708bb91bab111d8f44cb4a88330541757770ab30"},
    {url = "https://pypi.tuna.tsinghua.edu.cn/packages/2e/8b/5f6b7a8d4cc8dac3dcd2573180a7dbca839a73055df2e067272c543d997f/ruff-0.0.261-py3-none-musllinux_1_2_i686.whl", hash = "sha256:39abd02342cec0c131b2ddcaace08b2eae9700cab3ca7dba64ae5fd4f4881bd0"},
    {url = "https://pypi.tuna.tsinghua.edu.cn/packages/2e/eb/8dfafe1ee789a495d85d679f5f788f275d9ea4f84add1668a05a749aadc1/ruff-0.0.261-py3-none-manylinux_2_17_s390x.manylinux2014_s390x.whl", hash = "sha256:d1293acc64eba16a11109678dc4743df08c207ed2edbeaf38b3e10eb2597321b"},
    {url = "https://pypi.tuna.tsinghua.edu.cn/packages/41/13/3bf7e11662facd924f63944417f315d9f9dd49a0b5c96b6193d7c01f3552/ruff-0.0.261-py3-none-manylinux_2_17_armv7l.manylinux2014_armv7l.whl", hash = "sha256:581e64fa1518df495ca890a605ee65065101a86db56b6858f848bade69fc6489"},
    {url = "https://pypi.tuna.tsinghua.edu.cn/packages/42/22/15a913ffaef2be5e26c9a57beea3cb2b3d10a10022e28355ffa0178f65b3/ruff-0.0.261-py3-none-musllinux_1_2_x86_64.whl", hash = "sha256:aaa4f52a6e513f8daa450dac4859e80390d947052f592f0d8e796baab24df2fc"},
    {url = "https://pypi.tuna.tsinghua.edu.cn/packages/4f/52/530a6cff10ab024ed4d11b42ad1551961269d786787385a839ce65bbbb81/ruff-0.0.261-py3-none-manylinux_2_17_ppc64le.manylinux2014_ppc64le.whl", hash = "sha256:f268d52a71bf410aa45c232870c17049df322a7d20e871cfe622c9fc784aab7b"},
    {url = "https://pypi.tuna.tsinghua.edu.cn/packages/63/6f/d2e08cf5b0217a8b2ba7e123c30f799c5c201a176a3bc0a74cce846ce143/ruff-0.0.261-py3-none-musllinux_1_2_armv7l.whl", hash = "sha256:6c5f397ec0af42a434ad4b6f86565027406c5d0d0ebeea0d5b3f90c4bf55bc82"},
    {url = "https://pypi.tuna.tsinghua.edu.cn/packages/6b/4b/307aecf586a0747d950cb5c3e77c90c7547335aa5e57c602e80b0a9f6c20/ruff-0.0.261.tar.gz", hash = "sha256:c1c715b0d1e18f9c509d7c411ca61da3543a4aa459325b1b1e52b8301d65c6d2"},
    {url = "https://pypi.tuna.tsinghua.edu.cn/packages/6b/82/3523ff1f158883782e7df9e46575146ba202144af9cbb83a296af19e97b9/ruff-0.0.261-py3-none-manylinux_2_17_x86_64.manylinux2014_x86_64.whl", hash = "sha256:d95596e2f4cafead19a6d1ec0b86f8fda45ba66fe934de3956d71146a87959b3"},
    {url = "https://pypi.tuna.tsinghua.edu.cn/packages/75/2c/3ecfee398c2608fb752caa19febab02381a4e55d7a18cae052df19cdc161/ruff-0.0.261-py3-none-manylinux_2_17_ppc64.manylinux2014_ppc64.whl", hash = "sha256:8fa98e747e0fe185d65a40b0ea13f55c492f3b5f9a032a1097e82edaddb9e52e"},
    {url = "https://pypi.tuna.tsinghua.edu.cn/packages/97/7f/141919718fcacfec51ec23e6cb5c73bddf51be58f9549830951384470eb8/ruff-0.0.261-py3-none-manylinux_2_17_aarch64.manylinux2014_aarch64.whl", hash = "sha256:8dbd0cee5a81b0785dc0feeb2640c1e31abe93f0d77c5233507ac59731a626f1"},
    {url = "https://pypi.tuna.tsinghua.edu.cn/packages/9c/aa/da57cbfc20c854d339a65c082b26c4ca9b4fbc7c6496934b46c68163a3d6/ruff-0.0.261-py3-none-win_arm64.whl", hash = "sha256:d2eddc60ae75fc87f8bb8fd6e8d5339cf884cd6de81e82a50287424309c187ba"},
    {url = "https://pypi.tuna.tsinghua.edu.cn/packages/d6/a2/0d5b08e9f27d0aa5369446a6146b5b4fe4ce4625732f49858dbed8768316/ruff-0.0.261-py3-none-win32.whl", hash = "sha256:daff64b4e86e42ce69e6367d63aab9562fc213cd4db0e146859df8abc283dba0"},
    {url = "https://pypi.tuna.tsinghua.edu.cn/packages/dc/3a/209f1e016e6ed885e788b6021508aa257bd202ccbc72fae0a0f309e9e719/ruff-0.0.261-py3-none-macosx_10_7_x86_64.whl", hash = "sha256:6624a966c4a21110cee6780333e2216522a831364896f3d98f13120936eff40a"},
    {url = "https://pypi.tuna.tsinghua.edu.cn/packages/e3/e9/717b326c9cfcf95461ea2b52a740de10da9abb0c8209a6fd29f1c946447c/ruff-0.0.261-py3-none-macosx_10_9_x86_64.macosx_11_0_arm64.macosx_10_9_universal2.whl", hash = "sha256:2dba68a9e558ab33e6dd5d280af798a2d9d3c80c913ad9c8b8e97d7b287f1cc9"},
]
"termcolor 1.1.0" = [
    {url = "https://pypi.tuna.tsinghua.edu.cn/packages/8a/48/a76be51647d0eb9f10e2a4511bf3ffb8cc1e6b14e9e4fab46173aa79f981/termcolor-1.1.0.tar.gz", hash = "sha256:1d6d69ce66211143803fbc56652b41d73b4a400a2891d7bf7a1cdf4c02de613b"},
]
"toml 0.10.2" = [
    {url = "https://pypi.tuna.tsinghua.edu.cn/packages/44/6f/7120676b6d73228c96e17f1f794d8ab046fc910d781c8d151120c3f1569e/toml-0.10.2-py2.py3-none-any.whl", hash = "sha256:806143ae5bfb6a3c6e736a764057db0e6a0e05e338b5630894a5f779cabb4f9b"},
    {url = "https://pypi.tuna.tsinghua.edu.cn/packages/be/ba/1f744cdc819428fc6b5084ec34d9b30660f6f9daaf70eead706e3203ec3c/toml-0.10.2.tar.gz", hash = "sha256:b3bda1d108d5dd99f4a20d24d9c348e91c4db7ab1b749200bded2f839ccbe68f"},
]
"tomli 2.0.1" = [
    {url = "https://pypi.tuna.tsinghua.edu.cn/packages/97/75/10a9ebee3fd790d20926a90a2547f0bf78f371b2f13aa822c759680ca7b9/tomli-2.0.1-py3-none-any.whl", hash = "sha256:939de3e7a6161af0c887ef91b7d41a53e7c5a1ca976325f429cb46ea9bc30ecc"},
    {url = "https://pypi.tuna.tsinghua.edu.cn/packages/c0/3f/d7af728f075fb08564c5949a9c95e44352e23dee646869fa104a3b2060a3/tomli-2.0.1.tar.gz", hash = "sha256:de526c12914f0c550d15924c62d72abc48d6fe7364aa87328337a31007fe8a4f"},
]
"typed-ast 1.5.4" = [
    {url = "https://pypi.tuna.tsinghua.edu.cn/packages/04/93/482d12fd3334b53ec4087e658ab161ab23affcf8b052166b4cf972ca673b/typed_ast-1.5.4-cp37-cp37m-manylinux_2_5_x86_64.manylinux1_x86_64.manylinux_2_12_x86_64.manylinux2010_x86_64.whl", hash = "sha256:6778e1b2f81dfc7bc58e4b259363b83d2e509a65198e85d5700dfae4c6c8ff1c"},
    {url = "https://pypi.tuna.tsinghua.edu.cn/packages/07/d2/d55702e8deba2c80282fea0df53130790d8f398648be589750954c2dcce4/typed_ast-1.5.4.tar.gz", hash = "sha256:39e21ceb7388e4bb37f4c679d72707ed46c2fbf2a5609b8b8ebc4b067d977df2"},
    {url = "https://pypi.tuna.tsinghua.edu.cn/packages/0b/e7/8ec06fc870254889198f933a595f139b7871b24bab1116d6128440731ea9/typed_ast-1.5.4-cp39-cp39-macosx_11_0_arm64.whl", hash = "sha256:3e123d878ba170397916557d31c8f589951e353cc95fb7f24f6bb69adc1a8a97"},
    {url = "https://pypi.tuna.tsinghua.edu.cn/packages/0f/59/430b86961d63278fcbced5ba72655ee93aa35e8e908bad4ff138480eb25d/typed_ast-1.5.4-cp310-cp310-macosx_10_9_x86_64.whl", hash = "sha256:669dd0c4167f6f2cd9f57041e03c3c2ebf9063d0757dc89f79ba1daa2bfca9d4"},
    {url = "https://pypi.tuna.tsinghua.edu.cn/packages/1a/f6/dd891624aaf98b918d7012b9d01753d0192c4eb18cf33ce616c0e08f62ba/typed_ast-1.5.4-cp37-cp37m-win_amd64.whl", hash = "sha256:0261195c2062caf107831e92a76764c81227dae162c4f75192c0d489faf751a2"},
    {url = "https://pypi.tuna.tsinghua.edu.cn/packages/2f/87/25abe9558ed6cbd83ad5bfdccf7210a7eefaaf0232f86de99f65992e91fd/typed_ast-1.5.4-cp38-cp38-macosx_11_0_arm64.whl", hash = "sha256:7d5d014b7daa8b0bf2eaef684295acae12b036d79f54178b92a2b6a56f92278f"},
    {url = "https://pypi.tuna.tsinghua.edu.cn/packages/2f/d5/02059fe6ca70b11bb831007962323160372ca83843e0bf296e8b6d833198/typed_ast-1.5.4-cp39-cp39-manylinux_2_17_aarch64.manylinux2014_aarch64.whl", hash = "sha256:ebd9d7f80ccf7a82ac5f88c521115cc55d84e35bf8b446fcd7836eb6b98929a3"},
    {url = "https://pypi.tuna.tsinghua.edu.cn/packages/34/2d/17fc1845dd5210345904b054c9fa90f451d64df56de0470f429bc8d63d39/typed_ast-1.5.4-cp37-cp37m-macosx_10_9_x86_64.whl", hash = "sha256:cf4afcfac006ece570e32d6fa90ab74a17245b83dfd6655a6f68568098345ff6"},
    {url = "https://pypi.tuna.tsinghua.edu.cn/packages/38/54/48f7d5b1f954f3a4d8f76e1a11c8497ae899b900cd5a67f826fa3937f701/typed_ast-1.5.4-cp36-cp36m-manylinux_2_17_aarch64.manylinux2014_aarch64.whl", hash = "sha256:a94d55d142c9265f4ea46fab70977a1944ecae359ae867397757d836ea5a3f47"},
    {url = "https://pypi.tuna.tsinghua.edu.cn/packages/40/1a/5731a1a3908f60032aead10c2ffc9af12ee708bc9a156ed14a5065a9873a/typed_ast-1.5.4-cp38-cp38-manylinux_2_5_x86_64.manylinux1_x86_64.manylinux_2_12_x86_64.manylinux2010_x86_64.whl", hash = "sha256:4e964b4ff86550a7a7d56345c7864b18f403f5bd7380edf44a3c1fb4ee7ac6c6"},
    {url = "https://pypi.tuna.tsinghua.edu.cn/packages/48/6c/d96a545d337589dc5d7ecc0f8991122800ffec8dc10a24090619883b515e/typed_ast-1.5.4-cp310-cp310-macosx_11_0_arm64.whl", hash = "sha256:211260621ab1cd7324e0798d6be953d00b74e0428382991adfddb352252f1d62"},
    {url = "https://pypi.tuna.tsinghua.edu.cn/packages/4e/c1/cddc664ed3dd7d6bb62c80286c4e088b10556efc9a8db2049b425f8f23f7/typed_ast-1.5.4-cp36-cp36m-macosx_10_9_x86_64.whl", hash = "sha256:79b1e0869db7c830ba6a981d58711c88b6677506e648496b1f64ac7d15633aec"},
    {url = "https://pypi.tuna.tsinghua.edu.cn/packages/5c/e3/f539e658614ebf5a521c8ba7cbbb98afc5f5e90ddb0332ea22c164612dad/typed_ast-1.5.4-cp38-cp38-win_amd64.whl", hash = "sha256:683407d92dc953c8a7347119596f0b0e6c55eb98ebebd9b23437501b28dcbb8e"},
    {url = "https://pypi.tuna.tsinghua.edu.cn/packages/70/2c/6d18e111d2c5422bb9e561bbf36885e430407859b2adef9b3fb575f189d5/typed_ast-1.5.4-cp36-cp36m-win_amd64.whl", hash = "sha256:639c5f0b21776605dd6c9dbe592d5228f021404dafd377e2b7ac046b0349b1a1"},
    {url = "https://pypi.tuna.tsinghua.edu.cn/packages/78/18/3ecf5043f227ebd4a43af57e18e6a38f9fe0b81dbfbb8d62eec669d7b69e/typed_ast-1.5.4-cp38-cp38-manylinux_2_17_aarch64.manylinux2014_aarch64.whl", hash = "sha256:370788a63915e82fd6f212865a596a0fefcbb7d408bbbb13dea723d971ed8bdc"},
    {url = "https://pypi.tuna.tsinghua.edu.cn/packages/96/35/612258bab9e1867b28e3137910df35576b7b0fbb9b6f3013cc23435a79ed/typed_ast-1.5.4-cp310-cp310-manylinux_2_17_aarch64.manylinux2014_aarch64.whl", hash = "sha256:267e3f78697a6c00c689c03db4876dd1efdfea2f251a5ad6555e82a26847b4ac"},
    {url = "https://pypi.tuna.tsinghua.edu.cn/packages/9b/d5/5540eb496c6817eaee8120fb759c7adb36f91ef647c6bb2877f09acc0569/typed_ast-1.5.4-cp38-cp38-macosx_10_9_x86_64.whl", hash = "sha256:2efae9db7a8c05ad5547d522e7dbe62c83d838d3906a3716d1478b6c1d61388d"},
    {url = "https://pypi.tuna.tsinghua.edu.cn/packages/c4/90/dacf9226b34961277f357c17c33b7cae3f05a5f5b8a1d23bd630d7a97a36/typed_ast-1.5.4-cp310-cp310-manylinux_2_5_x86_64.manylinux1_x86_64.manylinux_2_12_x86_64.manylinux2010_x86_64.whl", hash = "sha256:c542eeda69212fa10a7ada75e668876fdec5f856cd3d06829e6aa64ad17c8dfe"},
    {url = "https://pypi.tuna.tsinghua.edu.cn/packages/ca/da/fbc14befbf19d69d05b4b8b019edbc6554d958037a821c6d5585767fe0ff/typed_ast-1.5.4-cp39-cp39-win_amd64.whl", hash = "sha256:0fdbcf2fef0ca421a3f5912555804296f0b0960f0418c440f5d6d3abb549f3e1"},
    {url = "https://pypi.tuna.tsinghua.edu.cn/packages/cd/f3/188eede730be3f6ddb9a788cd6b7289207c5fceebbf8ae190f9716dd8c05/typed_ast-1.5.4-cp310-cp310-win_amd64.whl", hash = "sha256:a9916d2bb8865f973824fb47436fa45e1ebf2efd920f2b9f99342cb7fab93f72"},
    {url = "https://pypi.tuna.tsinghua.edu.cn/packages/d8/4e/db9505b53c44d7bc324a3d2e09bdf82b0943d6e08b183ae382860f482a87/typed_ast-1.5.4-cp39-cp39-manylinux_2_5_x86_64.manylinux1_x86_64.manylinux_2_12_x86_64.manylinux2010_x86_64.whl", hash = "sha256:98f80dee3c03455e92796b58b98ff6ca0b2a6f652120c263efdba4d6c5e58f72"},
    {url = "https://pypi.tuna.tsinghua.edu.cn/packages/dd/87/09764c19a60a192b935579c93a07e781f6a52def10b723c8c5748e69a863/typed_ast-1.5.4-cp37-cp37m-manylinux_2_17_aarch64.manylinux2014_aarch64.whl", hash = "sha256:ed855bbe3eb3715fca349c80174cfcfd699c2f9de574d40527b8429acae23a66"},
    {url = "https://pypi.tuna.tsinghua.edu.cn/packages/e3/7c/7407838e9c540031439f2948bce2763cdd6882ebb72cc0a25b763c10529e/typed_ast-1.5.4-cp36-cp36m-manylinux_2_5_x86_64.manylinux1_x86_64.manylinux_2_12_x86_64.manylinux2010_x86_64.whl", hash = "sha256:183afdf0ec5b1b211724dfef3d2cad2d767cbefac291f24d69b00546c1837fb6"},
    {url = "https://pypi.tuna.tsinghua.edu.cn/packages/f9/57/89ac0020d5ffc762487376d0c78e5d02af795657f18c411155b73de3c765/typed_ast-1.5.4-cp39-cp39-macosx_10_9_x86_64.whl", hash = "sha256:4879da6c9b73443f97e731b617184a596ac1235fe91f98d279a7af36c796da35"},
]
"typing-extensions 4.4.0" = [
    {url = "https://pypi.tuna.tsinghua.edu.cn/packages/0b/8e/f1a0a5a76cfef77e1eb6004cb49e5f8d72634da638420b9ea492ce8305e8/typing_extensions-4.4.0-py3-none-any.whl", hash = "sha256:16fa4864408f655d35ec496218b85f79b3437c829e93320c7c9215ccfd92489e"},
    {url = "https://pypi.tuna.tsinghua.edu.cn/packages/e3/a7/8f4e456ef0adac43f452efc2d0e4b242ab831297f1bac60ac815d37eb9cf/typing_extensions-4.4.0.tar.gz", hash = "sha256:1511434bb92bf8dd198c12b1cc812e800d4181cfcb867674e0f8279cc93087aa"},
]
"urllib3 1.26.14" = [
    {url = "https://pypi.tuna.tsinghua.edu.cn/packages/c5/52/fe421fb7364aa738b3506a2d99e4f3a56e079c0a798e9f4fa5e14c60922f/urllib3-1.26.14.tar.gz", hash = "sha256:076907bf8fd355cde77728471316625a4d2f7e713c125f51953bb5b3eecf4f72"},
    {url = "https://pypi.tuna.tsinghua.edu.cn/packages/fe/ca/466766e20b767ddb9b951202542310cba37ea5f2d792dae7589f1741af58/urllib3-1.26.14-py2.py3-none-any.whl", hash = "sha256:75edcdc2f7d85b137124a6c3c9fc3933cdeaa12ecb9a6a959f22797a0feca7e1"},
]
"yaspin 2.1.0" = [
    {url = "https://pypi.tuna.tsinghua.edu.cn/packages/6a/b2/144d100c915784ab551e0f7809aaecdd103786a227b0f30db341ffe649be/yaspin-2.1.0.tar.gz", hash = "sha256:c8d34eca9fda3f4dfbe59f57f3cf0f3641af3eefbf1544fbeb9b3bacf82c580a"},
    {url = "https://pypi.tuna.tsinghua.edu.cn/packages/ce/ed/1ae83648729025952b483046d5164fc91625703899707655406db76ce671/yaspin-2.1.0-py3-none-any.whl", hash = "sha256:d574cbfaf0a349df466c91f7f81b22460ae5ebb15ecb8bf9411d6049923aee8d"},
]
"zipp 3.12.0" = [
    {url = "https://pypi.tuna.tsinghua.edu.cn/packages/01/3c/9d84fc1dbac1c5103bf3cd994e4895642001f75eb2139bddbc02aa1906e5/zipp-3.12.0-py3-none-any.whl", hash = "sha256:9eb0a4c5feab9b08871db0d672745b53450d7f26992fd1e4653aa43345e97b86"},
    {url = "https://pypi.tuna.tsinghua.edu.cn/packages/35/05/f81a74656c04e94f05c1ef186127cceb913493f1f8a21bb142a93c786ee8/zipp-3.12.0.tar.gz", hash = "sha256:73efd63936398aac78fd92b6f4865190119d6c91b531532e798977ea8dd402eb"},
]
